// !$*UTF8*$!
{
	archiveVersion = 1;
	classes = {
	};
	objectVersion = 46;
	objects = {

/* Begin PBXBuildFile section */
		14B46B33C082EBA7934AE0C4 /* libPods-Type1.a in Frameworks */ = {isa = PBXBuildFile; fileRef = B3C78CD2F10257C5CF70C062 /* libPods-Type1.a */; };
		D04A328F1B0A9B4E00933B2E /* main.m in Sources */ = {isa = PBXBuildFile; fileRef = D04A328E1B0A9B4E00933B2E /* main.m */; };
		D04A32921B0A9B4E00933B2E /* AppDelegate.m in Sources */ = {isa = PBXBuildFile; fileRef = D04A32911B0A9B4E00933B2E /* AppDelegate.m */; };
		D04A32981B0A9B4E00933B2E /* ReviewViewController.m in Sources */ = {isa = PBXBuildFile; fileRef = D04A32971B0A9B4E00933B2E /* ReviewViewController.m */; };
		D04A329B1B0A9B4E00933B2E /* Main.storyboard in Resources */ = {isa = PBXBuildFile; fileRef = D04A32991B0A9B4E00933B2E /* Main.storyboard */; };
		D04A329D1B0A9B4E00933B2E /* Images.xcassets in Resources */ = {isa = PBXBuildFile; fileRef = D04A329C1B0A9B4E00933B2E /* Images.xcassets */; };
		D04A32A01B0A9B4E00933B2E /* LaunchScreen.xib in Resources */ = {isa = PBXBuildFile; fileRef = D04A329E1B0A9B4E00933B2E /* LaunchScreen.xib */; };
		D04A32AC1B0A9B4E00933B2E /* Type1Tests.m in Sources */ = {isa = PBXBuildFile; fileRef = D04A32AB1B0A9B4E00933B2E /* Type1Tests.m */; };
		D04A32B81B0AA09300933B2E /* HealthKit.framework in Frameworks */ = {isa = PBXBuildFile; fileRef = D04A32B71B0AA09300933B2E /* HealthKit.framework */; };
		D04A32BB1B0AA0D800933B2E /* HealthKitController.m in Sources */ = {isa = PBXBuildFile; fileRef = D04A32BA1B0AA0D800933B2E /* HealthKitController.m */; };
		D0E1FDC21B0E7BB5005301A4 /* GraphView.m in Sources */ = {isa = PBXBuildFile; fileRef = D0E1FDC11B0E7BB5005301A4 /* GraphView.m */; };
		D0F730D21B0BD71C00968517 /* CoreData.framework in Frameworks */ = {isa = PBXBuildFile; fileRef = D0F730D11B0BD71C00968517 /* CoreData.framework */; };
		D0F730D51B0BD79800968517 /* InsulinModel.xcdatamodeld in Sources */ = {isa = PBXBuildFile; fileRef = D0F730D31B0BD79800968517 /* InsulinModel.xcdatamodeld */; };
		D0F730D81B0BD83D00968517 /* Injection.m in Sources */ = {isa = PBXBuildFile; fileRef = D0F730D71B0BD83D00968517 /* Injection.m */; };
		D0F730DB1B0BD86500968517 /* Stack.m in Sources */ = {isa = PBXBuildFile; fileRef = D0F730DA1B0BD86500968517 /* Stack.m */; };
		D215BC4E1B0FE7D40006BBDE /* MainViewController.m in Sources */ = {isa = PBXBuildFile; fileRef = D215BC4D1B0FE7D40006BBDE /* MainViewController.m */; };
/* End PBXBuildFile section */

/* Begin PBXContainerItemProxy section */
		D04A32A61B0A9B4E00933B2E /* PBXContainerItemProxy */ = {
			isa = PBXContainerItemProxy;
			containerPortal = D04A32811B0A9B4D00933B2E /* Project object */;
			proxyType = 1;
			remoteGlobalIDString = D04A32881B0A9B4D00933B2E;
			remoteInfo = Type1;
		};
/* End PBXContainerItemProxy section */

/* Begin PBXFileReference section */
		B299A75FDDC692021ECDBEAD /* Pods-Type1.debug.xcconfig */ = {isa = PBXFileReference; includeInIndex = 1; lastKnownFileType = text.xcconfig; name = "Pods-Type1.debug.xcconfig"; path = "Pods/Target Support Files/Pods-Type1/Pods-Type1.debug.xcconfig"; sourceTree = "<group>"; };
		B3C78CD2F10257C5CF70C062 /* libPods-Type1.a */ = {isa = PBXFileReference; explicitFileType = archive.ar; includeInIndex = 0; path = "libPods-Type1.a"; sourceTree = BUILT_PRODUCTS_DIR; };
		D04A32891B0A9B4D00933B2E /* Type1.app */ = {isa = PBXFileReference; explicitFileType = wrapper.application; includeInIndex = 0; path = Type1.app; sourceTree = BUILT_PRODUCTS_DIR; };
		D04A328D1B0A9B4E00933B2E /* Info.plist */ = {isa = PBXFileReference; lastKnownFileType = text.plist.xml; path = Info.plist; sourceTree = "<group>"; };
		D04A328E1B0A9B4E00933B2E /* main.m */ = {isa = PBXFileReference; lastKnownFileType = sourcecode.c.objc; path = main.m; sourceTree = "<group>"; };
		D04A32901B0A9B4E00933B2E /* AppDelegate.h */ = {isa = PBXFileReference; lastKnownFileType = sourcecode.c.h; path = AppDelegate.h; sourceTree = "<group>"; };
		D04A32911B0A9B4E00933B2E /* AppDelegate.m */ = {isa = PBXFileReference; lastKnownFileType = sourcecode.c.objc; path = AppDelegate.m; sourceTree = "<group>"; };
		D04A32961B0A9B4E00933B2E /* ReviewViewController.h */ = {isa = PBXFileReference; lastKnownFileType = sourcecode.c.h; path = ReviewViewController.h; sourceTree = "<group>"; };
		D04A32971B0A9B4E00933B2E /* ReviewViewController.m */ = {isa = PBXFileReference; lastKnownFileType = sourcecode.c.objc; path = ReviewViewController.m; sourceTree = "<group>"; };
		D04A329A1B0A9B4E00933B2E /* Base */ = {isa = PBXFileReference; lastKnownFileType = file.storyboard; name = Base; path = Base.lproj/Main.storyboard; sourceTree = "<group>"; };
		D04A329C1B0A9B4E00933B2E /* Images.xcassets */ = {isa = PBXFileReference; lastKnownFileType = folder.assetcatalog; path = Images.xcassets; sourceTree = "<group>"; };
		D04A329F1B0A9B4E00933B2E /* Base */ = {isa = PBXFileReference; lastKnownFileType = file.xib; name = Base; path = Base.lproj/LaunchScreen.xib; sourceTree = "<group>"; };
		D04A32A51B0A9B4E00933B2E /* Type1Tests.xctest */ = {isa = PBXFileReference; explicitFileType = wrapper.cfbundle; includeInIndex = 0; path = Type1Tests.xctest; sourceTree = BUILT_PRODUCTS_DIR; };
		D04A32AA1B0A9B4E00933B2E /* Info.plist */ = {isa = PBXFileReference; lastKnownFileType = text.plist.xml; path = Info.plist; sourceTree = "<group>"; };
		D04A32AB1B0A9B4E00933B2E /* Type1Tests.m */ = {isa = PBXFileReference; lastKnownFileType = sourcecode.c.objc; path = Type1Tests.m; sourceTree = "<group>"; };
		D04A32B61B0AA09300933B2E /* Type1.entitlements */ = {isa = PBXFileReference; lastKnownFileType = text.xml; path = Type1.entitlements; sourceTree = "<group>"; };
		D04A32B71B0AA09300933B2E /* HealthKit.framework */ = {isa = PBXFileReference; lastKnownFileType = wrapper.framework; name = HealthKit.framework; path = System/Library/Frameworks/HealthKit.framework; sourceTree = SDKROOT; };
		D04A32B91B0AA0D800933B2E /* HealthKitController.h */ = {isa = PBXFileReference; fileEncoding = 4; lastKnownFileType = sourcecode.c.h; path = HealthKitController.h; sourceTree = "<group>"; };
		D04A32BA1B0AA0D800933B2E /* HealthKitController.m */ = {isa = PBXFileReference; fileEncoding = 4; lastKnownFileType = sourcecode.c.objc; path = HealthKitController.m; sourceTree = "<group>"; };
		D0E1FDC01B0E7BB5005301A4 /* GraphView.h */ = {isa = PBXFileReference; fileEncoding = 4; lastKnownFileType = sourcecode.c.h; path = GraphView.h; sourceTree = "<group>"; };
		D0E1FDC11B0E7BB5005301A4 /* GraphView.m */ = {isa = PBXFileReference; fileEncoding = 4; lastKnownFileType = sourcecode.c.objc; path = GraphView.m; sourceTree = "<group>"; };
		D0F730D11B0BD71C00968517 /* CoreData.framework */ = {isa = PBXFileReference; lastKnownFileType = wrapper.framework; name = CoreData.framework; path = System/Library/Frameworks/CoreData.framework; sourceTree = SDKROOT; };
		D0F730D41B0BD79800968517 /* InsulinModel.xcdatamodel */ = {isa = PBXFileReference; lastKnownFileType = wrapper.xcdatamodel; path = InsulinModel.xcdatamodel; sourceTree = "<group>"; };
		D0F730D61B0BD83D00968517 /* Injection.h */ = {isa = PBXFileReference; fileEncoding = 4; lastKnownFileType = sourcecode.c.h; path = Injection.h; sourceTree = "<group>"; };
		D0F730D71B0BD83D00968517 /* Injection.m */ = {isa = PBXFileReference; fileEncoding = 4; lastKnownFileType = sourcecode.c.objc; path = Injection.m; sourceTree = "<group>"; };
		D0F730D91B0BD86500968517 /* Stack.h */ = {isa = PBXFileReference; fileEncoding = 4; lastKnownFileType = sourcecode.c.h; path = Stack.h; sourceTree = "<group>"; };
		D0F730DA1B0BD86500968517 /* Stack.m */ = {isa = PBXFileReference; fileEncoding = 4; lastKnownFileType = sourcecode.c.objc; path = Stack.m; sourceTree = "<group>"; };
		D215BC4C1B0FE7D40006BBDE /* MainViewController.h */ = {isa = PBXFileReference; fileEncoding = 4; lastKnownFileType = sourcecode.c.h; path = MainViewController.h; sourceTree = "<group>"; };
		D215BC4D1B0FE7D40006BBDE /* MainViewController.m */ = {isa = PBXFileReference; fileEncoding = 4; lastKnownFileType = sourcecode.c.objc; path = MainViewController.m; sourceTree = "<group>"; };
		E7F6BB927790957C41E0225D /* Pods-Type1.release.xcconfig */ = {isa = PBXFileReference; includeInIndex = 1; lastKnownFileType = text.xcconfig; name = "Pods-Type1.release.xcconfig"; path = "Pods/Target Support Files/Pods-Type1/Pods-Type1.release.xcconfig"; sourceTree = "<group>"; };
/* End PBXFileReference section */

/* Begin PBXFrameworksBuildPhase section */
		D04A32861B0A9B4D00933B2E /* Frameworks */ = {
			isa = PBXFrameworksBuildPhase;
			buildActionMask = 2147483647;
			files = (
				D0F730D21B0BD71C00968517 /* CoreData.framework in Frameworks */,
				D04A32B81B0AA09300933B2E /* HealthKit.framework in Frameworks */,
				14B46B33C082EBA7934AE0C4 /* libPods-Type1.a in Frameworks */,
			);
			runOnlyForDeploymentPostprocessing = 0;
		};
		D04A32A21B0A9B4E00933B2E /* Frameworks */ = {
			isa = PBXFrameworksBuildPhase;
			buildActionMask = 2147483647;
			files = (
			);
			runOnlyForDeploymentPostprocessing = 0;
		};
/* End PBXFrameworksBuildPhase section */

/* Begin PBXGroup section */
		2BEA598C4C4408126C78ECF9 /* Frameworks */ = {
			isa = PBXGroup;
			children = (
				B3C78CD2F10257C5CF70C062 /* libPods-Type1.a */,
			);
			name = Frameworks;
			sourceTree = "<group>";
		};
		CE2C62618B0E0FEC31AA8E22 /* Pods */ = {
			isa = PBXGroup;
			children = (
				E7F6BB927790957C41E0225D /* Pods-Type1.release.xcconfig */,
				B299A75FDDC692021ECDBEAD /* Pods-Type1.debug.xcconfig */,
			);
			name = Pods;
			sourceTree = "<group>";
		};
		D04A32801B0A9B4D00933B2E = {
			isa = PBXGroup;
			children = (
				D0F730D11B0BD71C00968517 /* CoreData.framework */,
				D04A32B71B0AA09300933B2E /* HealthKit.framework */,
				D04A328B1B0A9B4D00933B2E /* Type1 */,
				D04A32A81B0A9B4E00933B2E /* Type1Tests */,
				D04A328A1B0A9B4D00933B2E /* Products */,
				CE2C62618B0E0FEC31AA8E22 /* Pods */,
				2BEA598C4C4408126C78ECF9 /* Frameworks */,
			);
			sourceTree = "<group>";
		};
		D04A328A1B0A9B4D00933B2E /* Products */ = {
			isa = PBXGroup;
			children = (
				D04A32891B0A9B4D00933B2E /* Type1.app */,
				D04A32A51B0A9B4E00933B2E /* Type1Tests.xctest */,
			);
			name = Products;
			sourceTree = "<group>";
		};
		D04A328B1B0A9B4D00933B2E /* Type1 */ = {
			isa = PBXGroup;
			children = (
				D04A32B61B0AA09300933B2E /* Type1.entitlements */,
				D0E1FDBC1B0E64F5005301A4 /* Graphic Classes */,
				D04A32B51B0A9FDF00933B2E /* Model Objects */,
				D04A32901B0A9B4E00933B2E /* AppDelegate.h */,
				D04A32911B0A9B4E00933B2E /* AppDelegate.m */,
				D04A32961B0A9B4E00933B2E /* ReviewViewController.h */,
				D04A32971B0A9B4E00933B2E /* ReviewViewController.m */,
				D215BC4C1B0FE7D40006BBDE /* MainViewController.h */,
				D215BC4D1B0FE7D40006BBDE /* MainViewController.m */,
				D04A32991B0A9B4E00933B2E /* Main.storyboard */,
				D04A329C1B0A9B4E00933B2E /* Images.xcassets */,
				D04A329E1B0A9B4E00933B2E /* LaunchScreen.xib */,
				D04A328C1B0A9B4D00933B2E /* Supporting Files */,
			);
			path = Type1;
			sourceTree = "<group>";
		};
		D04A328C1B0A9B4D00933B2E /* Supporting Files */ = {
			isa = PBXGroup;
			children = (
				D04A328D1B0A9B4E00933B2E /* Info.plist */,
				D04A328E1B0A9B4E00933B2E /* main.m */,
			);
			name = "Supporting Files";
			sourceTree = "<group>";
		};
		D04A32A81B0A9B4E00933B2E /* Type1Tests */ = {
			isa = PBXGroup;
			children = (
				D04A32AB1B0A9B4E00933B2E /* Type1Tests.m */,
				D04A32A91B0A9B4E00933B2E /* Supporting Files */,
			);
			path = Type1Tests;
			sourceTree = "<group>";
		};
		D04A32A91B0A9B4E00933B2E /* Supporting Files */ = {
			isa = PBXGroup;
			children = (
				D04A32AA1B0A9B4E00933B2E /* Info.plist */,
			);
			name = "Supporting Files";
			sourceTree = "<group>";
		};
		D04A32B51B0A9FDF00933B2E /* Model Objects */ = {
			isa = PBXGroup;
			children = (
				D0F730D61B0BD83D00968517 /* Injection.h */,
				D0F730D71B0BD83D00968517 /* Injection.m */,
				D0F730D31B0BD79800968517 /* InsulinModel.xcdatamodeld */,
				D04A32B91B0AA0D800933B2E /* HealthKitController.h */,
				D04A32BA1B0AA0D800933B2E /* HealthKitController.m */,
				D0F730D91B0BD86500968517 /* Stack.h */,
				D0F730DA1B0BD86500968517 /* Stack.m */,
			);
			name = "Model Objects";
			sourceTree = "<group>";
		};
		D0E1FDBC1B0E64F5005301A4 /* Graphic Classes */ = {
			isa = PBXGroup;
			children = (
				D0E1FDC01B0E7BB5005301A4 /* GraphView.h */,
				D0E1FDC11B0E7BB5005301A4 /* GraphView.m */,
			);
			name = "Graphic Classes";
			sourceTree = "<group>";
		};
/* End PBXGroup section */

/* Begin PBXNativeTarget section */
		D04A32881B0A9B4D00933B2E /* Type1 */ = {
			isa = PBXNativeTarget;
			buildConfigurationList = D04A32AF1B0A9B4E00933B2E /* Build configuration list for PBXNativeTarget "Type1" */;
			buildPhases = (
				64B6F7B47C2618D4E692FEF0 /* Check Pods Manifest.lock */,
				D04A32851B0A9B4D00933B2E /* Sources */,
				D04A32861B0A9B4D00933B2E /* Frameworks */,
				D04A32871B0A9B4D00933B2E /* Resources */,
				E6761386220FDA7C224197FE /* Copy Pods Resources */,
			);
			buildRules = (
			);
			dependencies = (
			);
			name = Type1;
			productName = Type1;
			productReference = D04A32891B0A9B4D00933B2E /* Type1.app */;
			productType = "com.apple.product-type.application";
		};
		D04A32A41B0A9B4E00933B2E /* Type1Tests */ = {
			isa = PBXNativeTarget;
			buildConfigurationList = D04A32B21B0A9B4E00933B2E /* Build configuration list for PBXNativeTarget "Type1Tests" */;
			buildPhases = (
				D04A32A11B0A9B4E00933B2E /* Sources */,
				D04A32A21B0A9B4E00933B2E /* Frameworks */,
				D04A32A31B0A9B4E00933B2E /* Resources */,
			);
			buildRules = (
			);
			dependencies = (
				D04A32A71B0A9B4E00933B2E /* PBXTargetDependency */,
			);
			name = Type1Tests;
			productName = Type1Tests;
			productReference = D04A32A51B0A9B4E00933B2E /* Type1Tests.xctest */;
			productType = "com.apple.product-type.bundle.unit-test";
		};
/* End PBXNativeTarget section */

/* Begin PBXProject section */
		D04A32811B0A9B4D00933B2E /* Project object */ = {
			isa = PBXProject;
			attributes = {
				LastUpgradeCheck = 0630;
				ORGANIZATIONNAME = Devmtn;
				TargetAttributes = {
					D04A32881B0A9B4D00933B2E = {
						CreatedOnToolsVersion = 6.3.1;
						DevelopmentTeam = C2NSPAKWYK;
						SystemCapabilities = {
							com.apple.HealthKit = {
								enabled = 1;
							};
						};
					};
					D04A32A41B0A9B4E00933B2E = {
						CreatedOnToolsVersion = 6.3.1;
						TestTargetID = D04A32881B0A9B4D00933B2E;
					};
				};
			};
			buildConfigurationList = D04A32841B0A9B4D00933B2E /* Build configuration list for PBXProject "Type1" */;
			compatibilityVersion = "Xcode 3.2";
			developmentRegion = English;
			hasScannedForEncodings = 0;
			knownRegions = (
				en,
				Base,
			);
			mainGroup = D04A32801B0A9B4D00933B2E;
			productRefGroup = D04A328A1B0A9B4D00933B2E /* Products */;
			projectDirPath = "";
			projectRoot = "";
			targets = (
				D04A32881B0A9B4D00933B2E /* Type1 */,
				D04A32A41B0A9B4E00933B2E /* Type1Tests */,
			);
		};
/* End PBXProject section */

/* Begin PBXResourcesBuildPhase section */
		D04A32871B0A9B4D00933B2E /* Resources */ = {
			isa = PBXResourcesBuildPhase;
			buildActionMask = 2147483647;
			files = (
				D04A329B1B0A9B4E00933B2E /* Main.storyboard in Resources */,
				D04A32A01B0A9B4E00933B2E /* LaunchScreen.xib in Resources */,
				D04A329D1B0A9B4E00933B2E /* Images.xcassets in Resources */,
			);
			runOnlyForDeploymentPostprocessing = 0;
		};
		D04A32A31B0A9B4E00933B2E /* Resources */ = {
			isa = PBXResourcesBuildPhase;
			buildActionMask = 2147483647;
			files = (
			);
			runOnlyForDeploymentPostprocessing = 0;
		};
/* End PBXResourcesBuildPhase section */

/* Begin PBXShellScriptBuildPhase section */
		64B6F7B47C2618D4E692FEF0 /* Check Pods Manifest.lock */ = {
			isa = PBXShellScriptBuildPhase;
			buildActionMask = 2147483647;
			files = (
			);
			inputPaths = (
			);
			name = "Check Pods Manifest.lock";
			outputPaths = (
			);
			runOnlyForDeploymentPostprocessing = 0;
			shellPath = /bin/sh;
			shellScript = "diff \"${PODS_ROOT}/../Podfile.lock\" \"${PODS_ROOT}/Manifest.lock\" > /dev/null\nif [[ $? != 0 ]] ; then\n    cat << EOM\nerror: The sandbox is not in sync with the Podfile.lock. Run 'pod install' or update your CocoaPods installation.\nEOM\n    exit 1\nfi\n";
			showEnvVarsInLog = 0;
		};
		E6761386220FDA7C224197FE /* Copy Pods Resources */ = {
			isa = PBXShellScriptBuildPhase;
			buildActionMask = 2147483647;
			files = (
			);
			inputPaths = (
			);
			name = "Copy Pods Resources";
			outputPaths = (
			);
			runOnlyForDeploymentPostprocessing = 0;
			shellPath = /bin/sh;
			shellScript = "\"${SRCROOT}/Pods/Target Support Files/Pods-Type1/Pods-Type1-resources.sh\"\n";
			showEnvVarsInLog = 0;
		};
/* End PBXShellScriptBuildPhase section */

/* Begin PBXSourcesBuildPhase section */
		D04A32851B0A9B4D00933B2E /* Sources */ = {
			isa = PBXSourcesBuildPhase;
			buildActionMask = 2147483647;
			files = (
				D04A32921B0A9B4E00933B2E /* AppDelegate.m in Sources */,
				D0F730DB1B0BD86500968517 /* Stack.m in Sources */,
				D0F730D81B0BD83D00968517 /* Injection.m in Sources */,
				D0E1FDC21B0E7BB5005301A4 /* GraphView.m in Sources */,
				D215BC4E1B0FE7D40006BBDE /* MainViewController.m in Sources */,
				D04A328F1B0A9B4E00933B2E /* main.m in Sources */,
				D04A32981B0A9B4E00933B2E /* ReviewViewController.m in Sources */,
				D0F730D51B0BD79800968517 /* InsulinModel.xcdatamodeld in Sources */,
				D04A32BB1B0AA0D800933B2E /* HealthKitController.m in Sources */,
			);
			runOnlyForDeploymentPostprocessing = 0;
		};
		D04A32A11B0A9B4E00933B2E /* Sources */ = {
			isa = PBXSourcesBuildPhase;
			buildActionMask = 2147483647;
			files = (
				D04A32AC1B0A9B4E00933B2E /* Type1Tests.m in Sources */,
			);
			runOnlyForDeploymentPostprocessing = 0;
		};
/* End PBXSourcesBuildPhase section */

/* Begin PBXTargetDependency section */
		D04A32A71B0A9B4E00933B2E /* PBXTargetDependency */ = {
			isa = PBXTargetDependency;
			target = D04A32881B0A9B4D00933B2E /* Type1 */;
			targetProxy = D04A32A61B0A9B4E00933B2E /* PBXContainerItemProxy */;
		};
/* End PBXTargetDependency section */

/* Begin PBXVariantGroup section */
		D04A32991B0A9B4E00933B2E /* Main.storyboard */ = {
			isa = PBXVariantGroup;
			children = (
				D04A329A1B0A9B4E00933B2E /* Base */,
			);
			name = Main.storyboard;
			sourceTree = "<group>";
		};
		D04A329E1B0A9B4E00933B2E /* LaunchScreen.xib */ = {
			isa = PBXVariantGroup;
			children = (
				D04A329F1B0A9B4E00933B2E /* Base */,
			);
			name = LaunchScreen.xib;
			sourceTree = "<group>";
		};
/* End PBXVariantGroup section */

/* Begin XCBuildConfiguration section */
		D04A32AD1B0A9B4E00933B2E /* Debug */ = {
			isa = XCBuildConfiguration;
			buildSettings = {
				ALWAYS_SEARCH_USER_PATHS = NO;
				CLANG_CXX_LANGUAGE_STANDARD = "gnu++0x";
				CLANG_CXX_LIBRARY = "libc++";
				CLANG_ENABLE_MODULES = YES;
				CLANG_ENABLE_OBJC_ARC = YES;
				CLANG_WARN_BOOL_CONVERSION = YES;
				CLANG_WARN_CONSTANT_CONVERSION = YES;
				CLANG_WARN_DIRECT_OBJC_ISA_USAGE = YES_ERROR;
				CLANG_WARN_EMPTY_BODY = YES;
				CLANG_WARN_ENUM_CONVERSION = YES;
				CLANG_WARN_INT_CONVERSION = YES;
				CLANG_WARN_OBJC_ROOT_CLASS = YES_ERROR;
				CLANG_WARN_UNREACHABLE_CODE = YES;
				CLANG_WARN__DUPLICATE_METHOD_MATCH = YES;
				"CODE_SIGN_IDENTITY[sdk=iphoneos*]" = "iPhone Developer";
				COPY_PHASE_STRIP = NO;
				DEBUG_INFORMATION_FORMAT = "dwarf-with-dsym";
				ENABLE_STRICT_OBJC_MSGSEND = YES;
				GCC_C_LANGUAGE_STANDARD = gnu99;
				GCC_DYNAMIC_NO_PIC = NO;
				GCC_NO_COMMON_BLOCKS = YES;
				GCC_OPTIMIZATION_LEVEL = 0;
				GCC_PREPROCESSOR_DEFINITIONS = (
					"DEBUG=1",
					"$(inherited)",
				);
				GCC_SYMBOLS_PRIVATE_EXTERN = NO;
				GCC_WARN_64_TO_32_BIT_CONVERSION = YES;
				GCC_WARN_ABOUT_RETURN_TYPE = YES_ERROR;
				GCC_WARN_UNDECLARED_SELECTOR = YES;
				GCC_WARN_UNINITIALIZED_AUTOS = YES_AGGRESSIVE;
				GCC_WARN_UNUSED_FUNCTION = YES;
				GCC_WARN_UNUSED_VARIABLE = YES;
				IPHONEOS_DEPLOYMENT_TARGET = 8.3;
				MTL_ENABLE_DEBUG_INFO = YES;
				ONLY_ACTIVE_ARCH = YES;
				SDKROOT = iphoneos;
			};
			name = Debug;
		};
		D04A32AE1B0A9B4E00933B2E /* Release */ = {
			isa = XCBuildConfiguration;
			buildSettings = {
				ALWAYS_SEARCH_USER_PATHS = NO;
				CLANG_CXX_LANGUAGE_STANDARD = "gnu++0x";
				CLANG_CXX_LIBRARY = "libc++";
				CLANG_ENABLE_MODULES = YES;
				CLANG_ENABLE_OBJC_ARC = YES;
				CLANG_WARN_BOOL_CONVERSION = YES;
				CLANG_WARN_CONSTANT_CONVERSION = YES;
				CLANG_WARN_DIRECT_OBJC_ISA_USAGE = YES_ERROR;
				CLANG_WARN_EMPTY_BODY = YES;
				CLANG_WARN_ENUM_CONVERSION = YES;
				CLANG_WARN_INT_CONVERSION = YES;
				CLANG_WARN_OBJC_ROOT_CLASS = YES_ERROR;
				CLANG_WARN_UNREACHABLE_CODE = YES;
				CLANG_WARN__DUPLICATE_METHOD_MATCH = YES;
				"CODE_SIGN_IDENTITY[sdk=iphoneos*]" = "iPhone Developer";
				COPY_PHASE_STRIP = NO;
				DEBUG_INFORMATION_FORMAT = "dwarf-with-dsym";
				ENABLE_NS_ASSERTIONS = NO;
				ENABLE_STRICT_OBJC_MSGSEND = YES;
				GCC_C_LANGUAGE_STANDARD = gnu99;
				GCC_NO_COMMON_BLOCKS = YES;
				GCC_WARN_64_TO_32_BIT_CONVERSION = YES;
				GCC_WARN_ABOUT_RETURN_TYPE = YES_ERROR;
				GCC_WARN_UNDECLARED_SELECTOR = YES;
				GCC_WARN_UNINITIALIZED_AUTOS = YES_AGGRESSIVE;
				GCC_WARN_UNUSED_FUNCTION = YES;
				GCC_WARN_UNUSED_VARIABLE = YES;
				IPHONEOS_DEPLOYMENT_TARGET = 8.3;
				MTL_ENABLE_DEBUG_INFO = NO;
				SDKROOT = iphoneos;
				VALIDATE_PRODUCT = YES;
			};
			name = Release;
		};
		D04A32B01B0A9B4E00933B2E /* Debug */ = {
			isa = XCBuildConfiguration;
			baseConfigurationReference = B299A75FDDC692021ECDBEAD /* Pods-Type1.debug.xcconfig */;
			buildSettings = {
				ASSETCATALOG_COMPILER_APPICON_NAME = AppIcon;
				CODE_SIGN_ENTITLEMENTS = Type1/Type1.entitlements;
				CODE_SIGN_IDENTITY = "iPhone Developer";
				"CODE_SIGN_IDENTITY[sdk=iphoneos*]" = "iPhone Developer";
				INFOPLIST_FILE = Type1/Info.plist;
				IPHONEOS_DEPLOYMENT_TARGET = 8.0;
				LD_RUNPATH_SEARCH_PATHS = "$(inherited) @executable_path/Frameworks";
				PRODUCT_NAME = "$(TARGET_NAME)";
				PROVISIONING_PROFILE = "";
			};
			name = Debug;
		};
		D04A32B11B0A9B4E00933B2E /* Release */ = {
			isa = XCBuildConfiguration;
			baseConfigurationReference = E7F6BB927790957C41E0225D /* Pods-Type1.release.xcconfig */;
			buildSettings = {
				ASSETCATALOG_COMPILER_APPICON_NAME = AppIcon;
				CODE_SIGN_ENTITLEMENTS = Type1/Type1.entitlements;
				CODE_SIGN_IDENTITY = "iPhone Developer";
				"CODE_SIGN_IDENTITY[sdk=iphoneos*]" = "iPhone Developer";
				INFOPLIST_FILE = Type1/Info.plist;
				IPHONEOS_DEPLOYMENT_TARGET = 8.0;
				LD_RUNPATH_SEARCH_PATHS = "$(inherited) @executable_path/Frameworks";
				PRODUCT_NAME = "$(TARGET_NAME)";
				PROVISIONING_PROFILE = "";
			};
			name = Release;
		};
		D04A32B31B0A9B4E00933B2E /* Debug */ = {
			isa = XCBuildConfiguration;
			buildSettings = {
				BUNDLE_LOADER = "$(TEST_HOST)";
				FRAMEWORK_SEARCH_PATHS = (
					"$(SDKROOT)/Developer/Library/Frameworks",
					"$(inherited)",
				);
				GCC_PREPROCESSOR_DEFINITIONS = (
					"DEBUG=1",
					"$(inherited)",
				);
				INFOPLIST_FILE = Type1Tests/Info.plist;
				LD_RUNPATH_SEARCH_PATHS = "$(inherited) @executable_path/Frameworks @loader_path/Frameworks";
				PRODUCT_NAME = "$(TARGET_NAME)";
				TEST_HOST = "$(BUILT_PRODUCTS_DIR)/Type1.app/Type1";
			};
			name = Debug;
		};
		D04A32B41B0A9B4E00933B2E /* Release */ = {
			isa = XCBuildConfiguration;
			buildSettings = {
				BUNDLE_LOADER = "$(TEST_HOST)";
				FRAMEWORK_SEARCH_PATHS = (
					"$(SDKROOT)/Developer/Library/Frameworks",
					"$(inherited)",
				);
				INFOPLIST_FILE = Type1Tests/Info.plist;
				LD_RUNPATH_SEARCH_PATHS = "$(inherited) @executable_path/Frameworks @loader_path/Frameworks";
				PRODUCT_NAME = "$(TARGET_NAME)";
				TEST_HOST = "$(BUILT_PRODUCTS_DIR)/Type1.app/Type1";
			};
			name = Release;
		};
/* End XCBuildConfiguration section */

/* Begin XCConfigurationList section */
		D04A32841B0A9B4D00933B2E /* Build configuration list for PBXProject "Type1" */ = {
			isa = XCConfigurationList;
			buildConfigurations = (
				D04A32AD1B0A9B4E00933B2E /* Debug */,
				D04A32AE1B0A9B4E00933B2E /* Release */,
			);
			defaultConfigurationIsVisible = 0;
			defaultConfigurationName = Release;
		};
		D04A32AF1B0A9B4E00933B2E /* Build configuration list for PBXNativeTarget "Type1" */ = {
			isa = XCConfigurationList;
			buildConfigurations = (
				D04A32B01B0A9B4E00933B2E /* Debug */,
				D04A32B11B0A9B4E00933B2E /* Release */,
			);
			defaultConfigurationIsVisible = 0;
			defaultConfigurationName = Release;
		};
		D04A32B21B0A9B4E00933B2E /* Build configuration list for PBXNativeTarget "Type1Tests" */ = {
			isa = XCConfigurationList;
			buildConfigurations = (
				D04A32B31B0A9B4E00933B2E /* Debug */,
				D04A32B41B0A9B4E00933B2E /* Release */,
			);
			defaultConfigurationIsVisible = 0;
			defaultConfigurationName = Release;
		};
/* End XCConfigurationList section */

/* Begin XCVersionGroup section */
		D0F730D31B0BD79800968517 /* InsulinModel.xcdatamodeld */ = {
			isa = XCVersionGroup;
			children = (
				D0F730D41B0BD79800968517 /* InsulinModel.xcdatamodel */,
			);
			currentVersion = D0F730D41B0BD79800968517 /* InsulinModel.xcdatamodel */;
			path = InsulinModel.xcdatamodeld;
			sourceTree = "<group>";
			versionGroupType = wrapper.xcdatamodel;
		};
/* End XCVersionGroup section */
	};
	rootObject = D04A32811B0A9B4D00933B2E /* Project object */;
}
